# This file is generated by running "yarn install" inside your project.
# Manual changes might be lost - proceed with caution!

__metadata:
  version: 8
  cacheKey: 10c0

"@cspotcode/source-map-support@npm:^0.8.0":
  version: 0.8.1
  resolution: "@cspotcode/source-map-support@npm:0.8.1"
  dependencies:
    "@jridgewell/trace-mapping": "npm:0.3.9"
  checksum: 10c0/05c5368c13b662ee4c122c7bfbe5dc0b613416672a829f3e78bc49a357a197e0218d6e74e7c66cfcd04e15a179acab080bd3c69658c9fbefd0e1ccd950a07fc6
  languageName: node
  linkType: hard

"@foxglove/just-fetch@npm:^1.2.4":
  version: 1.2.4
  resolution: "@foxglove/just-fetch@npm:1.2.4"
  dependencies:
    "@foxglove/node-fetch": "npm:3.1.0"
  checksum: 10c0/1b1913aa99069ad669aa471c69df381b9a5ad023f2d1e8276f7ca6bc978129932d258a1aba2a1f37a6601a3fe35ad4d6e619a59d53813b0bf19aa3a72f72da67
  languageName: node
  linkType: hard

"@foxglove/node-fetch@npm:3.1.0":
  version: 3.1.0
  resolution: "@foxglove/node-fetch@npm:3.1.0"
  dependencies:
    data-uri-to-buffer: "npm:^3.0.1"
    fetch-blob: "npm:^2.1.1"
  checksum: 10c0/d8d82b1332fc8cdf7df628e4b3e612d6bddb9263dcda9aaa7806245491ffa0f31548d19516edb8cc23d2e038ded61fcff6cf403c112572f890059df713c2a6fb
  languageName: node
  linkType: hard

"@foxglove/xmlrpc@portal:../::locator=xmlrpc-examples%40workspace%3A.":
  version: 0.0.0-use.local
  resolution: "@foxglove/xmlrpc@portal:../::locator=xmlrpc-examples%40workspace%3A."
  dependencies:
    "@foxglove/just-fetch": "npm:^1.2.4"
    byte-base64: "npm:^1.1.0"
    sax: "npm:^1.2.4"
    xmlbuilder2: "npm:^3.0.2"
  languageName: node
  linkType: soft

"@jridgewell/resolve-uri@npm:^3.0.3":
  version: 3.1.2
  resolution: "@jridgewell/resolve-uri@npm:3.1.2"
  checksum: 10c0/d502e6fb516b35032331406d4e962c21fe77cdf1cbdb49c6142bcbd9e30507094b18972778a6e27cbad756209cfe34b1a27729e6fa08a2eb92b33943f680cf1e
  languageName: node
  linkType: hard

"@jridgewell/sourcemap-codec@npm:^1.4.10":
  version: 1.5.4
  resolution: "@jridgewell/sourcemap-codec@npm:1.5.4"
  checksum: 10c0/c5aab3e6362a8dd94ad80ab90845730c825fc4c8d9cf07ebca7a2eb8a832d155d62558800fc41d42785f989ddbb21db6df004d1786e8ecb65e428ab8dff71309
  languageName: node
  linkType: hard

"@jridgewell/trace-mapping@npm:0.3.9":
  version: 0.3.9
  resolution: "@jridgewell/trace-mapping@npm:0.3.9"
  dependencies:
    "@jridgewell/resolve-uri": "npm:^3.0.3"
    "@jridgewell/sourcemap-codec": "npm:^1.4.10"
  checksum: 10c0/fa425b606d7c7ee5bfa6a31a7b050dd5814b4082f318e0e4190f991902181b4330f43f4805db1dd4f2433fd0ed9cc7a7b9c2683f1deeab1df1b0a98b1e24055b
  languageName: node
  linkType: hard

"@oozcitak/dom@npm:1.15.10":
  version: 1.15.10
  resolution: "@oozcitak/dom@npm:1.15.10"
  dependencies:
    "@oozcitak/infra": "npm:1.0.8"
    "@oozcitak/url": "npm:1.0.4"
    "@oozcitak/util": "npm:8.3.8"
  checksum: 10c0/128162dd35fd21976e7589a4b50e980d8fb72e1f90e5675a3baca70b23cfdd87c0df57bff1ec708e7927671247a7233f240a27a4546bb904e069be1b4d4d7a05
  languageName: node
  linkType: hard

"@oozcitak/infra@npm:1.0.8":
  version: 1.0.8
  resolution: "@oozcitak/infra@npm:1.0.8"
  dependencies:
    "@oozcitak/util": "npm:8.3.8"
  checksum: 10c0/5fa44f02abbad453f5b26b38e2934978c177ef3a1baf8bf53919991135268f55bc89e23f8f3edebf0973c6a7d72d98fededb666c04a8b22ee4ca3048d0d42d25
  languageName: node
  linkType: hard

"@oozcitak/url@npm:1.0.4":
  version: 1.0.4
  resolution: "@oozcitak/url@npm:1.0.4"
  dependencies:
    "@oozcitak/infra": "npm:1.0.8"
    "@oozcitak/util": "npm:8.3.8"
  checksum: 10c0/49824e30219b1e3bd0133c7302e79ead18dbfff91bc1ebb2f05b3c2cd670ed07b36af0f933faba2bc3221f65ef068fb7fca7d6c3cb8053fbca45f8cdf5670147
  languageName: node
  linkType: hard

"@oozcitak/util@npm:8.3.8":
  version: 8.3.8
  resolution: "@oozcitak/util@npm:8.3.8"
  checksum: 10c0/1c492abcba79f5dd9bd7709331a614114706e6936a899cac6ac90b63bbe8e98da288e664c13c6acb2a38e3c5ffd47b93f824075ba81384d6192cc364bf126775
  languageName: node
  linkType: hard

"@tsconfig/node10@npm:^1.0.7":
  version: 1.0.8
  resolution: "@tsconfig/node10@npm:1.0.8"
  checksum: 10c0/d400f7b5c02acd74620f892c0f41cea39e7c1b5f7f272ad6f127f4b1fba23346b2d8e30d272731a733675494145f6aa74f9faf050390c034c7c553123ab979b3
  languageName: node
  linkType: hard

"@tsconfig/node12@npm:^1.0.7":
  version: 1.0.9
  resolution: "@tsconfig/node12@npm:1.0.9"
  checksum: 10c0/fc1fb68a89d8a641953036d23d95fe68f69f74d37a499db20791b09543ad23afe7ae9ee0840eea92dd470bdcba69eef6f1ed3fe90ba64d763bcd3f738e364597
  languageName: node
  linkType: hard

"@tsconfig/node14@npm:^1.0.0":
  version: 1.0.1
  resolution: "@tsconfig/node14@npm:1.0.1"
  checksum: 10c0/abd4e27d9ad712e1e229716a3dbf35d5cbb580d624a82d67414e7606cefd85d502e58800a2ab930d46a428fcfcb199436283b1a88e47d738ca1a5f7fd022ee74
  languageName: node
  linkType: hard

"@tsconfig/node16@npm:^1.0.2":
  version: 1.0.2
  resolution: "@tsconfig/node16@npm:1.0.2"
  checksum: 10c0/d402706562444a173d48810d13fdf866c78f1b876ed8962eeac6c7cddf4e29e8aaa06dc28093219e3e9eb6316799cf4d9a7acba62c6a4e215ee0c94d83f9081f
  languageName: node
  linkType: hard

"@types/node@npm:*, @types/node@npm:^24.0.8":
  version: 24.0.10
  resolution: "@types/node@npm:24.0.10"
  dependencies:
    undici-types: "npm:~7.8.0"
  checksum: 10c0/11dbd869d3e12ee7b7818113588950e538783e45d227122174c763cb05977defbd1e01b44b5ccd4b8997e42c3df7f7b83c6ee05cfa43d924c8882886bc5f6582
  languageName: node
  linkType: hard

"acorn-walk@npm:^8.1.1":
  version: 8.2.0
  resolution: "acorn-walk@npm:8.2.0"
  checksum: 10c0/dbe92f5b2452c93e960c5594e666dd1fae141b965ff2cb4a1e1d0381e3e4db4274c5ce4ffa3d681a86ca2a8d4e29d5efc0670a08e23fd2800051ea387df56ca2
  languageName: node
  linkType: hard

"acorn@npm:^8.4.1":
  version: 8.7.0
  resolution: "acorn@npm:8.7.0"
  bin:
    acorn: bin/acorn
  checksum: 10c0/8168e567c2f0b9fb7a418d2651b4b614326a0814b4937ebddee0f5e5e25ddd6320aec0c20d3a67efd97a02d836cc7f9e5c84befe3daeeea68ed89a48ee8f7a5d
  languageName: node
  linkType: hard

"arg@npm:^4.1.0":
  version: 4.1.3
  resolution: "arg@npm:4.1.3"
  checksum: 10c0/070ff801a9d236a6caa647507bdcc7034530604844d64408149a26b9e87c2f97650055c0f049abd1efc024b334635c01f29e0b632b371ac3f26130f4cf65997a
  languageName: node
  linkType: hard

"argparse@npm:^1.0.7":
  version: 1.0.10
  resolution: "argparse@npm:1.0.10"
  dependencies:
    sprintf-js: "npm:~1.0.2"
  checksum: 10c0/b2972c5c23c63df66bca144dbc65d180efa74f25f8fd9b7d9a0a6c88ae839db32df3d54770dcb6460cf840d232b60695d1a6b1053f599d84e73f7437087712de
  languageName: node
  linkType: hard

"byte-base64@npm:^1.1.0":
  version: 1.1.0
  resolution: "byte-base64@npm:1.1.0"
  checksum: 10c0/f3b8de39e005e29ae9fadbbf972b90a17c9c101aacc6500c012735fb54404c48704608b594c4c672d64469f12647d3061d6cb23a77cc958b09b21066fb94a1b6
  languageName: node
  linkType: hard

"create-require@npm:^1.1.0":
  version: 1.1.1
  resolution: "create-require@npm:1.1.1"
  checksum: 10c0/157cbc59b2430ae9a90034a5f3a1b398b6738bf510f713edc4d4e45e169bc514d3d99dd34d8d01ca7ae7830b5b8b537e46ae8f3c8f932371b0875c0151d7ec91
  languageName: node
  linkType: hard

"data-uri-to-buffer@npm:^3.0.1":
  version: 3.0.1
  resolution: "data-uri-to-buffer@npm:3.0.1"
  checksum: 10c0/01fa28525402582fbb972c91822533f5528156e9e7241512b903467acbe2e0505760504e22c548bb707c7a56b5459194ee4fa6434e5995fa1a658744c2ce0cff
  languageName: node
  linkType: hard

"diff@npm:^4.0.1":
  version: 4.0.2
  resolution: "diff@npm:4.0.2"
  checksum: 10c0/81b91f9d39c4eaca068eb0c1eb0e4afbdc5bb2941d197f513dd596b820b956fef43485876226d65d497bebc15666aa2aa82c679e84f65d5f2bfbf14ee46e32c1
  languageName: node
  linkType: hard

"esprima@npm:^4.0.0":
  version: 4.0.1
  resolution: "esprima@npm:4.0.1"
  bin:
    esparse: ./bin/esparse.js
    esvalidate: ./bin/esvalidate.js
  checksum: 10c0/ad4bab9ead0808cf56501750fd9d3fb276f6b105f987707d059005d57e182d18a7c9ec7f3a01794ebddcca676773e42ca48a32d67a250c9d35e009ca613caba3
  languageName: node
  linkType: hard

"fetch-blob@npm:^2.1.1":
  version: 2.1.2
  resolution: "fetch-blob@npm:2.1.2"
  peerDependenciesMeta:
    domexception:
      optional: true
  checksum: 10c0/9c7b0af2e6f11ac20997bb7dbd555fc89add2cf04379012af9ed119e96c0f608f3dbdf3ca2908583469118485065e35a10da8c740b4afff633180a13957a25da
  languageName: node
  linkType: hard

"js-yaml@npm:3.14.0":
  version: 3.14.0
  resolution: "js-yaml@npm:3.14.0"
  dependencies:
    argparse: "npm:^1.0.7"
    esprima: "npm:^4.0.0"
  bin:
    js-yaml: bin/js-yaml.js
  checksum: 10c0/9b21ab19f03aae734c83e5c8a3d5e6f80bab5ce0e24bdbb186e531fb0887ff0034affd96ae3eed993c33e33bc606a6b78389207b853df97094393804d6c37184
  languageName: node
  linkType: hard

"make-error@npm:^1.1.1":
  version: 1.3.6
  resolution: "make-error@npm:1.3.6"
  checksum: 10c0/171e458d86854c6b3fc46610cfacf0b45149ba043782558c6875d9f42f222124384ad0b468c92e996d815a8a2003817a710c0a160e49c1c394626f76fa45396f
  languageName: node
  linkType: hard

"sax@npm:^1.2.4":
  version: 1.2.4
  resolution: "sax@npm:1.2.4"
  checksum: 10c0/6e9b05ff443ee5e5096ce92d31c0740a20d33002fad714ebcb8fc7a664d9ee159103ebe8f7aef0a1f7c5ecacdd01f177f510dff95611c589399baf76437d3fe3
  languageName: node
  linkType: hard

"sprintf-js@npm:~1.0.2":
  version: 1.0.3
  resolution: "sprintf-js@npm:1.0.3"
  checksum: 10c0/ecadcfe4c771890140da5023d43e190b7566d9cf8b2d238600f31bec0fc653f328da4450eb04bd59a431771a8e9cc0e118f0aa3974b683a4981b4e07abc2a5bb
  languageName: node
  linkType: hard

"ts-node@npm:^10.9.2":
  version: 10.9.2
  resolution: "ts-node@npm:10.9.2"
  dependencies:
    "@cspotcode/source-map-support": "npm:^0.8.0"
    "@tsconfig/node10": "npm:^1.0.7"
    "@tsconfig/node12": "npm:^1.0.7"
    "@tsconfig/node14": "npm:^1.0.0"
    "@tsconfig/node16": "npm:^1.0.2"
    acorn: "npm:^8.4.1"
    acorn-walk: "npm:^8.1.1"
    arg: "npm:^4.1.0"
    create-require: "npm:^1.1.0"
    diff: "npm:^4.0.1"
    make-error: "npm:^1.1.1"
    v8-compile-cache-lib: "npm:^3.0.1"
    yn: "npm:3.1.1"
  peerDependencies:
    "@swc/core": ">=1.2.50"
    "@swc/wasm": ">=1.2.50"
    "@types/node": "*"
    typescript: ">=2.7"
  peerDependenciesMeta:
    "@swc/core":
      optional: true
    "@swc/wasm":
      optional: true
  bin:
    ts-node: dist/bin.js
    ts-node-cwd: dist/bin-cwd.js
    ts-node-esm: dist/bin-esm.js
    ts-node-script: dist/bin-script.js
    ts-node-transpile-only: dist/bin-transpile.js
    ts-script: dist/bin-script-deprecated.js
  checksum: 10c0/5f29938489f96982a25ba650b64218e83a3357d76f7bede80195c65ab44ad279c8357264639b7abdd5d7e75fc269a83daa0e9c62fd8637a3def67254ecc9ddc2
  languageName: node
  linkType: hard

"tslib@npm:^2.3.1":
  version: 2.3.1
  resolution: "tslib@npm:2.3.1"
  checksum: 10c0/4efd888895bdb3b987086b2b7793ad1013566f882b0eb7a328384e5ecc0d71cafb16bbeab3196200cbf7f01a73ccc25acc2f131d4ea6ee959be7436a8a306482
  languageName: node
  linkType: hard

"typescript@npm:5.8.3":
  version: 5.8.3
  resolution: "typescript@npm:5.8.3"
  bin:
    tsc: bin/tsc
    tsserver: bin/tsserver
  checksum: 10c0/5f8bb01196e542e64d44db3d16ee0e4063ce4f3e3966df6005f2588e86d91c03e1fb131c2581baf0fb65ee79669eea6e161cd448178986587e9f6844446dbb48
  languageName: node
  linkType: hard

"typescript@patch:typescript@npm%3A5.8.3#optional!builtin<compat/typescript>":
  version: 5.8.3
  resolution: "typescript@patch:typescript@npm%3A5.8.3#optional!builtin<compat/typescript>::version=5.8.3&hash=5786d5"
  bin:
    tsc: bin/tsc
    tsserver: bin/tsserver
  checksum: 10c0/39117e346ff8ebd87ae1510b3a77d5d92dae5a89bde588c747d25da5c146603a99c8ee588c7ef80faaf123d89ed46f6dbd918d534d641083177d5fac38b8a1cb
  languageName: node
  linkType: hard

"undici-types@npm:~7.8.0":
  version: 7.8.0
  resolution: "undici-types@npm:7.8.0"
  checksum: 10c0/9d9d246d1dc32f318d46116efe3cfca5a72d4f16828febc1918d94e58f6ffcf39c158aa28bf5b4fc52f410446bc7858f35151367bd7a49f21746cab6497b709b
  languageName: node
  linkType: hard

"v8-compile-cache-lib@npm:^3.0.1":
  version: 3.0.1
  resolution: "v8-compile-cache-lib@npm:3.0.1"
  checksum: 10c0/bdc36fb8095d3b41df197f5fb6f11e3a26adf4059df3213e3baa93810d8f0cc76f9a74aaefc18b73e91fe7e19154ed6f134eda6fded2e0f1c8d2272ed2d2d391
  languageName: node
  linkType: hard

"xmlbuilder2@npm:^3.0.2":
  version: 3.0.2
  resolution: "xmlbuilder2@npm:3.0.2"
  dependencies:
    "@oozcitak/dom": "npm:1.15.10"
    "@oozcitak/infra": "npm:1.0.8"
    "@oozcitak/util": "npm:8.3.8"
    "@types/node": "npm:*"
    js-yaml: "npm:3.14.0"
  checksum: 10c0/2e7a5fa4c04b76f4510a39394f737eae044448307dd00f0e469dc0c4c2bd765fb58aa775fe72c14525ab357591ee153171bcf8b245f2fe000a4321d797a97b7f
  languageName: node
  linkType: hard

"xmlrpc-examples@workspace:.":
  version: 0.0.0-use.local
  resolution: "xmlrpc-examples@workspace:."
  dependencies:
    "@foxglove/xmlrpc": "portal:../"
    "@types/node": "npm:^24.0.8"
    ts-node: "npm:^10.9.2"
    tslib: "npm:^2.3.1"
    typescript: "npm:5.8.3"
  languageName: unknown
  linkType: soft

"yn@npm:3.1.1":
  version: 3.1.1
  resolution: "yn@npm:3.1.1"
  checksum: 10c0/0732468dd7622ed8a274f640f191f3eaf1f39d5349a1b72836df484998d7d9807fbea094e2f5486d6b0cd2414aad5775972df0e68f8604db89a239f0f4bf7443
  languageName: node
  linkType: hard
